
Microsoft Visual Studio Solution File, Format Version 12.00
# Visual Studio Version 17
VisualStudioVersion = 17.2.32516.85
MinimumVisualStudioVersion = 10.0.40219.1
Project("{FAE04EC0-301F-11D3-BF4B-00C04F79EFBC}") = "MvcDiferentDependencyInyection", "MvcDiferentDependencyInyection\MvcDiferentDependencyInyection.csproj", "{A1979884-9E51-4EE7-BEEE-286E653C0671}"
EndProject
Global
	GlobalSection(SolutionConfigurationPlatforms) = preSolution
		Debug|Any CPU = Debug|Any CPU
		Release|Any CPU = Release|Any CPU
	EndGlobalSection
	GlobalSection(ProjectConfigurationPlatforms) = postSolution
		{A1979884-9E51-4EE7-BEEE-286E653C0671}.Debug|Any CPU.ActiveCfg = Debug|Any CPU
		{A1979884-9E51-4EE7-BEEE-286E653C0671}.Debug|Any CPU.Build.0 = Debug|Any CPU
		{A1979884-9E51-4EE7-BEEE-286E653C0671}.Release|Any CPU.ActiveCfg = Release|Any CPU
		{A1979884-9E51-4EE7-BEEE-286E653C0671}.Release|Any CPU.Build.0 = Release|Any CPU
	EndGlobalSection
	GlobalSection(SolutionProperties) = preSolution
		HideSolutionNode = FALSE
	EndGlobalSection
	GlobalSection(ExtensibilityGlobals) = postSolution
		SolutionGuid = {565FEF3D-4C8F-49FF-BCC9-E835946B0611}
	EndGlobalSection
EndGlobal
